
Microsoft Visual Studio Solution File, Format Version 12.00
# Visual Studio Version 16
VisualStudioVersion = 16.0.30225.117
MinimumVisualStudioVersion = 10.0.40219.1
Project("{9A19103F-16F7-4668-BE54-9A1E7A4F7556}") = "GenerateApp", "GenerateApp\GenerateApp.csproj", "{7ECB20DB-9C52-4B2A-BCEA-8826EBCB9BD1}"
EndProject
Project("{9A19103F-16F7-4668-BE54-9A1E7A4F7556}") = "GenerateAppBL", "GenerateAppBL\GenerateAppBL.csproj", "{16CF41DB-E0D4-4BE7-BDA4-0177271003D3}"
EndProject
Project("{9A19103F-16F7-4668-BE54-9A1E7A4F7556}") = "TestGenerate", "TestGenerate\TestGenerate.csproj", "{E6015672-3E1C-4387-BA5C-4D98E4314937}"
EndProject
Project("{9A19103F-16F7-4668-BE54-9A1E7A4F7556}") = "GenerateFromDB", "GenerateFromDB\GenerateFromDB.csproj", "{B4EB3CFA-D73B-4F20-B68C-DB567DE2F202}"
EndProject
Project("{9A19103F-16F7-4668-BE54-9A1E7A4F7556}") = "GenerateAppTool", "GenerateAppTool\GenerateAppTool.csproj", "{12135987-9DAF-462F-BF45-4E25731C07F9}"
EndProject
Project("{9A19103F-16F7-4668-BE54-9A1E7A4F7556}") = "DeviceFingerprint", "DeviceFingerprint\DeviceFingerprint.csproj", "{B2EBFAC3-434E-4A45-9B41-FC082C8EA8E2}"
EndProject
Project("{9A19103F-16F7-4668-BE54-9A1E7A4F7556}") = "ElasticSearchTestLog4Net", "ElasticSearchTestLog4Net\ElasticSearchTestLog4Net.csproj", "{1D173E53-5C81-4FF8-AF2A-6AA324ED193B}"
EndProject
Project("{2150E333-8FDC-42A3-9474-1A3956D46DE8}") = "Other_Tests", "Other_Tests", "{EEC0F212-5962-44A9-A35B-2D470445D585}"
	ProjectSection(SolutionItems) = preProject
		readme.md = readme.md
	EndProjectSection
EndProject
Project("{2150E333-8FDC-42A3-9474-1A3956D46DE8}") = "MainBuild", "MainBuild", "{F5A6DD2F-1418-4670-995B-16F6185A5D77}"
EndProject
Project("{FAE04EC0-301F-11D3-BF4B-00C04F79EFBC}") = "ElectronMvcTest", "ElectronMvcTest\ElectronMvcTest.csproj", "{B8BCAF6F-EF06-4E6B-836F-E6184764D507}"
EndProject
Global
	GlobalSection(SolutionConfigurationPlatforms) = preSolution
		Debug|Any CPU = Debug|Any CPU
		Release|Any CPU = Release|Any CPU
	EndGlobalSection
	GlobalSection(ProjectConfigurationPlatforms) = postSolution
		{7ECB20DB-9C52-4B2A-BCEA-8826EBCB9BD1}.Debug|Any CPU.ActiveCfg = Debug|Any CPU
		{7ECB20DB-9C52-4B2A-BCEA-8826EBCB9BD1}.Debug|Any CPU.Build.0 = Debug|Any CPU
		{7ECB20DB-9C52-4B2A-BCEA-8826EBCB9BD1}.Release|Any CPU.ActiveCfg = Release|Any CPU
		{7ECB20DB-9C52-4B2A-BCEA-8826EBCB9BD1}.Release|Any CPU.Build.0 = Release|Any CPU
		{16CF41DB-E0D4-4BE7-BDA4-0177271003D3}.Debug|Any CPU.ActiveCfg = Debug|Any CPU
		{16CF41DB-E0D4-4BE7-BDA4-0177271003D3}.Debug|Any CPU.Build.0 = Debug|Any CPU
		{16CF41DB-E0D4-4BE7-BDA4-0177271003D3}.Release|Any CPU.ActiveCfg = Release|Any CPU
		{16CF41DB-E0D4-4BE7-BDA4-0177271003D3}.Release|Any CPU.Build.0 = Release|Any CPU
		{E6015672-3E1C-4387-BA5C-4D98E4314937}.Debug|Any CPU.ActiveCfg = Debug|Any CPU
		{E6015672-3E1C-4387-BA5C-4D98E4314937}.Debug|Any CPU.Build.0 = Debug|Any CPU
		{E6015672-3E1C-4387-BA5C-4D98E4314937}.Release|Any CPU.ActiveCfg = Release|Any CPU
		{E6015672-3E1C-4387-BA5C-4D98E4314937}.Release|Any CPU.Build.0 = Release|Any CPU
		{B4EB3CFA-D73B-4F20-B68C-DB567DE2F202}.Debug|Any CPU.ActiveCfg = Debug|Any CPU
		{B4EB3CFA-D73B-4F20-B68C-DB567DE2F202}.Debug|Any CPU.Build.0 = Debug|Any CPU
		{B4EB3CFA-D73B-4F20-B68C-DB567DE2F202}.Release|Any CPU.ActiveCfg = Release|Any CPU
		{B4EB3CFA-D73B-4F20-B68C-DB567DE2F202}.Release|Any CPU.Build.0 = Release|Any CPU
		{12135987-9DAF-462F-BF45-4E25731C07F9}.Debug|Any CPU.ActiveCfg = Debug|Any CPU
		{12135987-9DAF-462F-BF45-4E25731C07F9}.Debug|Any CPU.Build.0 = Debug|Any CPU
		{12135987-9DAF-462F-BF45-4E25731C07F9}.Release|Any CPU.ActiveCfg = Release|Any CPU
		{12135987-9DAF-462F-BF45-4E25731C07F9}.Release|Any CPU.Build.0 = Release|Any CPU
		{B2EBFAC3-434E-4A45-9B41-FC082C8EA8E2}.Debug|Any CPU.ActiveCfg = Debug|Any CPU
		{B2EBFAC3-434E-4A45-9B41-FC082C8EA8E2}.Debug|Any CPU.Build.0 = Debug|Any CPU
		{B2EBFAC3-434E-4A45-9B41-FC082C8EA8E2}.Release|Any CPU.ActiveCfg = Release|Any CPU
		{B2EBFAC3-434E-4A45-9B41-FC082C8EA8E2}.Release|Any CPU.Build.0 = Release|Any CPU
		{1D173E53-5C81-4FF8-AF2A-6AA324ED193B}.Debug|Any CPU.ActiveCfg = Debug|Any CPU
		{1D173E53-5C81-4FF8-AF2A-6AA324ED193B}.Debug|Any CPU.Build.0 = Debug|Any CPU
		{1D173E53-5C81-4FF8-AF2A-6AA324ED193B}.Release|Any CPU.ActiveCfg = Release|Any CPU
		{1D173E53-5C81-4FF8-AF2A-6AA324ED193B}.Release|Any CPU.Build.0 = Release|Any CPU
		{B8BCAF6F-EF06-4E6B-836F-E6184764D507}.Debug|Any CPU.ActiveCfg = Debug|Any CPU
		{B8BCAF6F-EF06-4E6B-836F-E6184764D507}.Debug|Any CPU.Build.0 = Debug|Any CPU
		{B8BCAF6F-EF06-4E6B-836F-E6184764D507}.Release|Any CPU.ActiveCfg = Release|Any CPU
		{B8BCAF6F-EF06-4E6B-836F-E6184764D507}.Release|Any CPU.Build.0 = Release|Any CPU
	EndGlobalSection
	GlobalSection(SolutionProperties) = preSolution
		HideSolutionNode = FALSE
	EndGlobalSection
	GlobalSection(NestedProjects) = preSolution
		{B2EBFAC3-434E-4A45-9B41-FC082C8EA8E2} = {EEC0F212-5962-44A9-A35B-2D470445D585}
		{1D173E53-5C81-4FF8-AF2A-6AA324ED193B} = {EEC0F212-5962-44A9-A35B-2D470445D585}
	EndGlobalSection
	GlobalSection(ExtensibilityGlobals) = postSolution
		SolutionGuid = {0D6AD195-AB43-4817-B299-684F19F20680}
	EndGlobalSection
EndGlobal
